
Microsoft Visual Studio Solution File, Format Version 12.00
# Visual Studio Version 17
VisualStudioVersion = 17.3.32929.385
MinimumVisualStudioVersion = 10.0.40219.1
Project("{FAE04EC0-301F-11D3-BF4B-00C04F79EFBC}") = "Blast", "Blast\Blast.csproj", "{BC31C923-CCD9-4500-96A8-70B0CB7DE169}"
EndProject
Global
	GlobalSection(SolutionConfigurationPlatforms) = preSolution
		Debug|Any CPU = Debug|Any CPU
		Release|Any CPU = Release|Any CPU
	EndGlobalSection
	GlobalSection(ProjectConfigurationPlatforms) = postSolution
		{BC31C923-CCD9-4500-96A8-70B0CB7DE169}.Debug|Any CPU.ActiveCfg = Debug|Any CPU
		{BC31C923-CCD9-4500-96A8-70B0CB7DE169}.Debug|Any CPU.Build.0 = Debug|Any CPU
		{BC31C923-CCD9-4500-96A8-70B0CB7DE169}.Release|Any CPU.ActiveCfg = Release|Any CPU
		{BC31C923-CCD9-4500-96A8-70B0CB7DE169}.Release|Any CPU.Build.0 = Release|Any CPU
	EndGlobalSection
	GlobalSection(SolutionProperties) = preSolution
		HideSolutionNode = FALSE
	EndGlobalSection
	GlobalSection(ExtensibilityGlobals) = postSolution
		SolutionGuid = {B20D2908-B4B7-43FB-8A40-30C2A510CF50}
	EndGlobalSection
EndGlobal
